// !$*UTF8*$!
{
	archiveVersion = 1;
	classes = {
	};
	objectVersion = 46;
	objects = {

/* Begin PBXBuildFile section */
		081EB1E31F1F443600B744EC /* main.m in Sources */ = {isa = PBXBuildFile; fileRef = 081EB1E21F1F443600B744EC /* main.m */; };
		081EB1E61F1F443600B744EC /* AppDelegate.m in Sources */ = {isa = PBXBuildFile; fileRef = 081EB1E51F1F443600B744EC /* AppDelegate.m */; };
		081EB1EC1F1F443600B744EC /* Main.storyboard in Resources */ = {isa = PBXBuildFile; fileRef = 081EB1EA1F1F443600B744EC /* Main.storyboard */; };
		081EB1EE1F1F443600B744EC /* Assets.xcassets in Resources */ = {isa = PBXBuildFile; fileRef = 081EB1ED1F1F443600B744EC /* Assets.xcassets */; };
		081EB1F11F1F443600B744EC /* LaunchScreen.storyboard in Resources */ = {isa = PBXBuildFile; fileRef = 081EB1EF1F1F443600B744EC /* LaunchScreen.storyboard */; };
		083B91001F1F78D2001A396C /* Character.m in Sources */ = {isa = PBXBuildFile; fileRef = 083B90FF1F1F78D2001A396C /* Character.m */; };
		083B91031F1F7D7B001A396C /* CollectionViewController.m in Sources */ = {isa = PBXBuildFile; fileRef = 083B91021F1F7D7B001A396C /* CollectionViewController.m */; };
		08A6020E1F20D8B800AE6C34 /* CharacterCollectionViewCell.m in Sources */ = {isa = PBXBuildFile; fileRef = 08A6020D1F20D8B800AE6C34 /* CharacterCollectionViewCell.m */; };
/* End PBXBuildFile section */

/* Begin PBXFileReference section */
		081EB1DE1F1F443600B744EC /* Marvelous.app */ = {isa = PBXFileReference; explicitFileType = wrapper.application; includeInIndex = 0; path = Marvelous.app; sourceTree = BUILT_PRODUCTS_DIR; };
		081EB1E21F1F443600B744EC /* main.m */ = {isa = PBXFileReference; lastKnownFileType = sourcecode.c.objc; path = main.m; sourceTree = "<group>"; };
		081EB1E41F1F443600B744EC /* AppDelegate.h */ = {isa = PBXFileReference; lastKnownFileType = sourcecode.c.h; path = AppDelegate.h; sourceTree = "<group>"; };
		081EB1E51F1F443600B744EC /* AppDelegate.m */ = {isa = PBXFileReference; lastKnownFileType = sourcecode.c.objc; path = AppDelegate.m; sourceTree = "<group>"; };
		081EB1EB1F1F443600B744EC /* Base */ = {isa = PBXFileReference; lastKnownFileType = file.storyboard; name = Base; path = Base.lproj/Main.storyboard; sourceTree = "<group>"; };
		081EB1ED1F1F443600B744EC /* Assets.xcassets */ = {isa = PBXFileReference; lastKnownFileType = folder.assetcatalog; path = Assets.xcassets; sourceTree = "<group>"; };
		081EB1F01F1F443600B744EC /* Base */ = {isa = PBXFileReference; lastKnownFileType = file.storyboard; name = Base; path = Base.lproj/LaunchScreen.storyboard; sourceTree = "<group>"; };
		081EB1F21F1F443600B744EC /* Info.plist */ = {isa = PBXFileReference; lastKnownFileType = text.plist.xml; path = Info.plist; sourceTree = "<group>"; };
		083B90FE1F1F78D2001A396C /* Character.h */ = {isa = PBXFileReference; fileEncoding = 4; lastKnownFileType = sourcecode.c.h; path = Character.h; sourceTree = "<group>"; };
		083B90FF1F1F78D2001A396C /* Character.m */ = {isa = PBXFileReference; fileEncoding = 4; lastKnownFileType = sourcecode.c.objc; path = Character.m; sourceTree = "<group>"; };
		083B91011F1F7D7B001A396C /* CollectionViewController.h */ = {isa = PBXFileReference; fileEncoding = 4; lastKnownFileType = sourcecode.c.h; path = CollectionViewController.h; sourceTree = "<group>"; };
		083B91021F1F7D7B001A396C /* CollectionViewController.m */ = {isa = PBXFileReference; fileEncoding = 4; lastKnownFileType = sourcecode.c.objc; path = CollectionViewController.m; sourceTree = "<group>"; };
		08A6020C1F20D8B800AE6C34 /* CharacterCollectionViewCell.h */ = {isa = PBXFileReference; fileEncoding = 4; lastKnownFileType = sourcecode.c.h; path = CharacterCollectionViewCell.h; sourceTree = "<group>"; };
		08A6020D1F20D8B800AE6C34 /* CharacterCollectionViewCell.m */ = {isa = PBXFileReference; fileEncoding = 4; lastKnownFileType = sourcecode.c.objc; path = CharacterCollectionViewCell.m; sourceTree = "<group>"; };
/* End PBXFileReference section */

/* Begin PBXFrameworksBuildPhase section */
		081EB1DB1F1F443600B744EC /* Frameworks */ = {
			isa = PBXFrameworksBuildPhase;
			buildActionMask = 2147483647;
			files = (
			);
			runOnlyForDeploymentPostprocessing = 0;
		};
/* End PBXFrameworksBuildPhase section */

/* Begin PBXGroup section */
		081EB1D51F1F443600B744EC = {
			isa = PBXGroup;
			children = (
				081EB1E01F1F443600B744EC /* Marvelous */,
				081EB1DF1F1F443600B744EC /* Products */,
			);
			sourceTree = "<group>";
		};
		081EB1DF1F1F443600B744EC /* Products */ = {
			isa = PBXGroup;
			children = (
				081EB1DE1F1F443600B744EC /* Marvelous.app */,
			);
			name = Products;
			sourceTree = "<group>";
		};
		081EB1E01F1F443600B744EC /* Marvelous */ = {
			isa = PBXGroup;
			children = (
				081EB1E41F1F443600B744EC /* AppDelegate.h */,
				081EB1E51F1F443600B744EC /* AppDelegate.m */,
				083B91011F1F7D7B001A396C /* CollectionViewController.h */,
				083B91021F1F7D7B001A396C /* CollectionViewController.m */,
				083B90FE1F1F78D2001A396C /* Character.h */,
				083B90FF1F1F78D2001A396C /* Character.m */,
				08A6020C1F20D8B800AE6C34 /* CharacterCollectionViewCell.h */,
				08A6020D1F20D8B800AE6C34 /* CharacterCollectionViewCell.m */,
				081EB1EA1F1F443600B744EC /* Main.storyboard */,
				081EB1ED1F1F443600B744EC /* Assets.xcassets */,
				081EB1EF1F1F443600B744EC /* LaunchScreen.storyboard */,
				081EB1F21F1F443600B744EC /* Info.plist */,
				081EB1E11F1F443600B744EC /* Supporting Files */,
			);
			path = Marvelous;
			sourceTree = "<group>";
		};
		081EB1E11F1F443600B744EC /* Supporting Files */ = {
			isa = PBXGroup;
			children = (
				081EB1E21F1F443600B744EC /* main.m */,
			);
			name = "Supporting Files";
			sourceTree = "<group>";
		};
/* End PBXGroup section */

/* Begin PBXNativeTarget section */
		081EB1DD1F1F443600B744EC /* Marvelous */ = {
			isa = PBXNativeTarget;
			buildConfigurationList = 081EB1F51F1F443600B744EC /* Build configuration list for PBXNativeTarget "Marvelous" */;
			buildPhases = (
				081EB1DA1F1F443600B744EC /* Sources */,
				081EB1DB1F1F443600B744EC /* Frameworks */,
				081EB1DC1F1F443600B744EC /* Resources */,
			);
			buildRules = (
			);
			dependencies = (
			);
			name = Marvelous;
			productName = Marvelous;
			productReference = 081EB1DE1F1F443600B744EC /* Marvelous.app */;
			productType = "com.apple.product-type.application";
		};
/* End PBXNativeTarget section */

/* Begin PBXProject section */
		081EB1D61F1F443600B744EC /* Project object */ = {
			isa = PBXProject;
			attributes = {
				LastUpgradeCheck = 0830;
				ORGANIZATIONNAME = JarICT;
				TargetAttributes = {
					081EB1DD1F1F443600B744EC = {
						CreatedOnToolsVersion = 8.3.3;
						DevelopmentTeam = CH45DPWU9R;
						ProvisioningStyle = Automatic;
					};
				};
			};
			buildConfigurationList = 081EB1D91F1F443600B744EC /* Build configuration list for PBXProject "Marvelous" */;
			compatibilityVersion = "Xcode 3.2";
			developmentRegion = English;
			hasScannedForEncodings = 0;
			knownRegions = (
				en,
				Base,
			);
			mainGroup = 081EB1D51F1F443600B744EC;
			productRefGroup = 081EB1DF1F1F443600B744EC /* Products */;
			projectDirPath = "";
			projectRoot = "";
			targets = (
				081EB1DD1F1F443600B744EC /* Marvelous */,
			);
		};
/* End PBXProject section */

/* Begin PBXResourcesBuildPhase section */
		081EB1DC1F1F443600B744EC /* Resources */ = {
			isa = PBXResourcesBuildPhase;
			buildActionMask = 2147483647;
			files = (
				081EB1F11F1F443600B744EC /* LaunchScreen.storyboard in Resources */,
				081EB1EE1F1F443600B744EC /* Assets.xcassets in Resources */,
				081EB1EC1F1F443600B744EC /* Main.storyboard in Resources */,
			);
			runOnlyForDeploymentPostprocessing = 0;
		};
/* End PBXResourcesBuildPhase section */

/* Begin PBXSourcesBuildPhase section */
		081EB1DA1F1F443600B744EC /* Sources */ = {
			isa = PBXSourcesBuildPhase;
			buildActionMask = 2147483647;
			files = (
				081EB1E61F1F443600B744EC /* AppDelegate.m in Sources */,
				081EB1E31F1F443600B744EC /* main.m in Sources */,
				083B91031F1F7D7B001A396C /* CollectionViewController.m in Sources */,
				08A6020E1F20D8B800AE6C34 /* CharacterCollectionViewCell.m in Sources */,
				083B91001F1F78D2001A396C /* Character.m in Sources */,
			);
			runOnlyForDeploymentPostprocessing = 0;
		};
/* End PBXSourcesBuildPhase section */

/* Begin PBXVariantGroup section */
		081EB1EA1F1F443600B744EC /* Main.storyboard */ = {
			isa = PBXVariantGroup;
			children = (
				081EB1EB1F1F443600B744EC /* Base */,
			);
			name = Main.storyboard;
			sourceTree = "<group>";
		};
		081EB1EF1F1F443600B744EC /* LaunchScreen.storyboard */ = {
			isa = PBXVariantGroup;
			children = (
				081EB1F01F1F443600B744EC /* Base */,
			);
			name = LaunchScreen.storyboard;
			sourceTree = "<group>";
		};
/* End PBXVariantGroup section */

/* Begin XCBuildConfiguration section */
		081EB1F31F1F443600B744EC /* Debug */ = {
			isa = XCBuildConfiguration;
			buildSettings = {
				ALWAYS_SEARCH_USER_PATHS = NO;
				CLANG_ANALYZER_NONNULL = YES;
				CLANG_ANALYZER_NUMBER_OBJECT_CONVERSION = YES_AGGRESSIVE;
				CLANG_CXX_LANGUAGE_STANDARD = "gnu++0x";
				CLANG_CXX_LIBRARY = "libc++";
				CLANG_ENABLE_MODULES = YES;
				CLANG_ENABLE_OBJC_ARC = YES;
				CLANG_WARN_BOOL_CONVERSION = YES;
				CLANG_WARN_CONSTANT_CONVERSION = YES;
				CLANG_WARN_DIRECT_OBJC_ISA_USAGE = YES_ERROR;
				CLANG_WARN_DOCUMENTATION_COMMENTS = YES;
				CLANG_WARN_EMPTY_BODY = YES;
				CLANG_WARN_ENUM_CONVERSION = YES;
				CLANG_WARN_INFINITE_RECURSION = YES;
				CLANG_WARN_INT_CONVERSION = YES;
				CLANG_WARN_OBJC_ROOT_CLASS = YES_ERROR;
				CLANG_WARN_SUSPICIOUS_MOVE = YES;
				CLANG_WARN_UNREACHABLE_CODE = YES;
				CLANG_WARN__DUPLICATE_METHOD_MATCH = YES;
				"CODE_SIGN_IDENTITY[sdk=iphoneos*]" = "iPhone Developer";
				COPY_PHASE_STRIP = NO;
				DEBUG_INFORMATION_FORMAT = dwarf;
				ENABLE_STRICT_OBJC_MSGSEND = YES;
				ENABLE_TESTABILITY = YES;
				GCC_C_LANGUAGE_STANDARD = gnu99;
				GCC_DYNAMIC_NO_PIC = NO;
				GCC_NO_COMMON_BLOCKS = YES;
				GCC_OPTIMIZATION_LEVEL = 0;
				GCC_PREPROCESSOR_DEFINITIONS = (
					"DEBUG=1",
					"$(inherited)",
				);
				GCC_WARN_64_TO_32_BIT_CONVERSION = YES;
				GCC_WARN_ABOUT_RETURN_TYPE = YES_ERROR;
				GCC_WARN_UNDECLARED_SELECTOR = YES;
				GCC_WARN_UNINITIALIZED_AUTOS = YES_AGGRESSIVE;
				GCC_WARN_UNUSED_FUNCTION = YES;
				GCC_WARN_UNUSED_VARIABLE = YES;
				IPHONEOS_DEPLOYMENT_TARGET = 10.3;
				MTL_ENABLE_DEBUG_INFO = YES;
				ONLY_ACTIVE_ARCH = YES;
				SDKROOT = iphoneos;
			};
			name = Debug;
		};
		081EB1F41F1F443600B744EC /* Release */ = {
			isa = XCBuildConfiguration;
			buildSettings = {
				ALWAYS_SEARCH_USER_PATHS = NO;
				CLANG_ANALYZER_NONNULL = YES;
				CLANG_ANALYZER_NUMBER_OBJECT_CONVERSION = YES_AGGRESSIVE;
				CLANG_CXX_LANGUAGE_STANDARD = "gnu++0x";
				CLANG_CXX_LIBRARY = "libc++";
				CLANG_ENABLE_MODULES = YES;
				CLANG_ENABLE_OBJC_ARC = YES;
				CLANG_WARN_BOOL_CONVERSION = YES;
				CLANG_WARN_CONSTANT_CONVERSION = YES;
				CLANG_WARN_DIRECT_OBJC_ISA_USAGE = YES_ERROR;
				CLANG_WARN_DOCUMENTATION_COMMENTS = YES;
				CLANG_WARN_EMPTY_BODY = YES;
				CLANG_WARN_ENUM_CONVERSION = YES;
				CLANG_WARN_INFINITE_RECURSION = YES;
				CLANG_WARN_INT_CONVERSION = YES;
				CLANG_WARN_OBJC_ROOT_CLASS = YES_ERROR;
				CLANG_WARN_SUSPICIOUS_MOVE = YES;
				CLANG_WARN_UNREACHABLE_CODE = YES;
				CLANG_WARN__DUPLICATE_METHOD_MATCH = YES;
				"CODE_SIGN_IDENTITY[sdk=iphoneos*]" = "iPhone Developer";
				COPY_PHASE_STRIP = NO;
				DEBUG_INFORMATION_FORMAT = "dwarf-with-dsym";
				ENABLE_NS_ASSERTIONS = NO;
				ENABLE_STRICT_OBJC_MSGSEND = YES;
				GCC_C_LANGUAGE_STANDARD = gnu99;
				GCC_NO_COMMON_BLOCKS = YES;
				GCC_WARN_64_TO_32_BIT_CONVERSION = YES;
				GCC_WARN_ABOUT_RETURN_TYPE = YES_ERROR;
				GCC_WARN_UNDECLARED_SELECTOR = YES;
				GCC_WARN_UNINITIALIZED_AUTOS = YES_AGGRESSIVE;
				GCC_WARN_UNUSED_FUNCTION = YES;
				GCC_WARN_UNUSED_VARIABLE = YES;
				IPHONEOS_DEPLOYMENT_TARGET = 10.3;
				MTL_ENABLE_DEBUG_INFO = NO;
				SDKROOT = iphoneos;
				VALIDATE_PRODUCT = YES;
			};
			name = Release;
		};
		081EB1F61F1F443600B744EC /* Debug */ = {
			isa = XCBuildConfiguration;
			buildSettings = {
				ASSETCATALOG_COMPILER_APPICON_NAME = AppIcon;
				DEVELOPMENT_TEAM = CH45DPWU9R;
				INFOPLIST_FILE = Marvelous/Info.plist;
				IPHONEOS_DEPLOYMENT_TARGET = 10.3;
				LD_RUNPATH_SEARCH_PATHS = "$(inherited) @executable_path/Frameworks";
				PRODUCT_BUNDLE_IDENTIFIER = nl.jarict.Marvelous;
				PRODUCT_NAME = "$(TARGET_NAME)";
			};
			name = Debug;
		};
		081EB1F71F1F443600B744EC /* Release */ = {
			isa = XCBuildConfiguration;
			buildSettings = {
				ASSETCATALOG_COMPILER_APPICON_NAME = AppIcon;
				DEVELOPMENT_TEAM = CH45DPWU9R;
				INFOPLIST_FILE = Marvelous/Info.plist;
				IPHONEOS_DEPLOYMENT_TARGET = 10.3;
				LD_RUNPATH_SEARCH_PATHS = "$(inherited) @executable_path/Frameworks";
				PRODUCT_BUNDLE_IDENTIFIER = nl.jarict.Marvelous;
				PRODUCT_NAME = "$(TARGET_NAME)";
			};
			name = Release;
		};
/* End XCBuildConfiguration section */

/* Begin XCConfigurationList section */
		081EB1D91F1F443600B744EC /* Build configuration list for PBXProject "Marvelous" */ = {
			isa = XCConfigurationList;
			buildConfigurations = (
				081EB1F31F1F443600B744EC /* Debug */,
				081EB1F41F1F443600B744EC /* Release */,
			);
			defaultConfigurationIsVisible = 0;
			defaultConfigurationName = Release;
		};
		081EB1F51F1F443600B744EC /* Build configuration list for PBXNativeTarget "Marvelous" */ = {
			isa = XCConfigurationList;
			buildConfigurations = (
				081EB1F61F1F443600B744EC /* Debug */,
				081EB1F71F1F443600B744EC /* Release */,
			);
			defaultConfigurationIsVisible = 0;
			defaultConfigurationName = Release;
		};
/* End XCConfigurationList section */
	};
	rootObject = 081EB1D61F1F443600B744EC /* Project object */;
}
